// !$*UTF8*$!
{
	archiveVersion = 1;
	classes = {
	};
	objectVersion = 56;
	objects = {

/* Begin PBXBuildFile section */
		DAEE7EA4B27642868923EEEF /* StudyBarApp.swift in Sources */ = {isa = PBXBuildFile; fileRef = DEE546FB298B440A8E22DEA7 /* StudyBarApp.swift */; };
		10D11BB161074123BA48E0AA /* Assets.xcassets in Resources */ = {isa = PBXBuildFile; fileRef = 1BD337EB04F240C288C545F8 /* Assets.xcassets */; };
		D5D6CF40716645F790C9D1A4 /* Subject.swift in Sources */ = {isa = PBXBuildFile; fileRef = A262244491B34E9D839FA6DC /* Subject.swift */; };
		127D1F5F77E048F4BD5F959A /* Topic.swift in Sources */ = {isa = PBXBuildFile; fileRef = 1DB162A3B8B14954BEBF0291 /* Topic.swift */; };
		C940B4E0FA994B33B5ECEE30 /* StudySession.swift in Sources */ = {isa = PBXBuildFile; fileRef = DC7A80CDCAD34F5F82EFC560 /* StudySession.swift */; };
		E94199EE54554C948ADE25D1 /* PopoverRootView.swift in Sources */ = {isa = PBXBuildFile; fileRef = E954DA5CD5334F7D8CF46B1A /* PopoverRootView.swift */; };
		A7C43A61B0AE4E27874BA0AC /* IdleView.swift in Sources */ = {isa = PBXBuildFile; fileRef = 8F303CC0BA7A4AA9B69E7A68 /* IdleView.swift */; };
		EF5964E3176A4D9A8DA335F6 /* NotificationManager.swift in Sources */ = {isa = PBXBuildFile; fileRef = 12A36FBB441541F5BFB6D254 /* NotificationManager.swift */; };
		332A57FE318948289EA62095 /* SessionManager.swift in Sources */ = {isa = PBXBuildFile; fileRef = 64D96943278C495F8032A4A7 /* SessionManager.swift */; };
		FCC773A1C2CE4201B0A9A441 /* ProgressRingView.swift in Sources */ = {isa = PBXBuildFile; fileRef = F446E51634244D7E81400D54 /* ProgressRingView.swift */; };
		C130C868C41F49C892D05208 /* MenuBarLabelView.swift in Sources */ = {isa = PBXBuildFile; fileRef = 6DB20C4DCBCF49B99AE95D7C /* MenuBarLabelView.swift */; };
		E0D6D2E96D7241738BE048B0 /* ActiveSessionView.swift in Sources */ = {isa = PBXBuildFile; fileRef = 00430BC44574480DA107E5E3 /* ActiveSessionView.swift */; };
		AB9AA1F901E74657920A9148 /* HistoryView.swift in Sources */ = {isa = PBXBuildFile; fileRef = DC97F8212C5644B0BE6649D7 /* HistoryView.swift */; };
		63E936E982BB478280AA12B8 /* SettingsView.swift in Sources */ = {isa = PBXBuildFile; fileRef = 8B20165D43F24484B2D8E793 /* SettingsView.swift */; };
		55BD5E37CE544ED7BF48F090 /* ManageSubjectsView.swift in Sources */ = {isa = PBXBuildFile; fileRef = 2B4010F6454D4FC3AE9D59D9 /* ManageSubjectsView.swift */; };
		781C9C80891D4412BF463F3C /* StudyFormatting.swift in Sources */ = {isa = PBXBuildFile; fileRef = BC5C48A032C1428189D9C55E /* StudyFormatting.swift */; };
		A6C67C8CDACB474B912D3BF5 /* AppLogoView.swift in Sources */ = {isa = PBXBuildFile; fileRef = 165117894DA8404A82C1CEDA /* AppLogoView.swift */; };
		7AE03D39C7A8465397933082 /* StatPill.swift in Sources */ = {isa = PBXBuildFile; fileRef = C46C570557824E9A84AC03C0 /* StatPill.swift */; };
		257E28C2F10749C6B832526E /* UpdateChecker.swift in Sources */ = {isa = PBXBuildFile; fileRef = 14939437AB1945BC8FDDC44F /* UpdateChecker.swift */; };
		A1B2C3D4E5F64789A0B1C2D3 /* GlobalHotkeyManager.swift in Sources */ = {isa = PBXBuildFile; fileRef = E5F6A7B8C9D06123E4F5A6B7 /* GlobalHotkeyManager.swift */; };
		B2C3D4E5F6A74890B1C2D3E4 /* FloatingTimerController.swift in Sources */ = {isa = PBXBuildFile; fileRef = F6A7B8C9D0E17234F5A6B7C8 /* FloatingTimerController.swift */; };
		C3D4E5F6A7B84901C2D3E4F5 /* PowerEventsMonitor.swift in Sources */ = {isa = PBXBuildFile; fileRef = A7B8C9D0E1F28345A6B7C8D9 /* PowerEventsMonitor.swift */; };
		D4E5F6A7B8C95012D3E4F5A6 /* FloatingTimerView.swift in Sources */ = {isa = PBXBuildFile; fileRef = B8C9D0E1F2A39456B7C8D9E0 /* FloatingTimerView.swift */; };
		E6F7A8B9C0D16273A5B6C7D8 /* AppNotifications.swift in Sources */ = {isa = PBXBuildFile; fileRef = F7A8B9C0D1E27384B6C7D8E9 /* AppNotifications.swift */; };
		A8B9C0D1E2F38495C7D8E9F0 /* UpdateInstaller.swift in Sources */ = {isa = PBXBuildFile; fileRef = B9C0D1E2F3A49506D8E9F0A1 /* UpdateInstaller.swift */; };
		C1D2E3F4A5B60718293A4B5C /* AppDelegate.swift in Sources */ = {isa = PBXBuildFile; fileRef = D2E3F4A5B6C718293A4B5C6D /* AppDelegate.swift */; };
		E3F4A5B6C7D8293A4B5C6D7E /* DashboardWindowController.swift in Sources */ = {isa = PBXBuildFile; fileRef = F4A5B6C7D8E93A4B5C6D7E8F /* DashboardWindowController.swift */; };
		A5B6C7D8E9F03A4B5C6D7E8F /* DashboardView.swift in Sources */ = {isa = PBXBuildFile; fileRef = B6C7D8E9F0A14B5C6D7E8F90 /* DashboardView.swift */; };
		C7D8E9F0A1B25C6D7E8F901 /* DashboardOverviewView.swift in Sources */ = {isa = PBXBuildFile; fileRef = D8E9F0A1B2C36D7E8F90112 /* DashboardOverviewView.swift */; };
		E9F0A1B2C3D47E8F9011223 /* DashboardHistoryView.swift in Sources */ = {isa = PBXBuildFile; fileRef = F0A1B2C3D4E58F90122334 /* DashboardHistoryView.swift */; };
		A1B2C3D4E5F69A012233445 /* DashboardSettingsView.swift in Sources */ = {isa = PBXBuildFile; fileRef = B2C3D4E5F6A70B123344556 /* DashboardSettingsView.swift */; };
		C0D1E2F3A4B5061728394A5B /* Charts.framework in Frameworks */ = {isa = PBXBuildFile; fileRef = D1E2F3A4B5C61728394A5B6C /* Charts.framework */; };
		E2F3A4B5C6D718293A4B5C6D /* AnalyticsEngine.swift in Sources */ = {isa = PBXBuildFile; fileRef = F3A4B5C6D7E8293A4B5C6D7E /* AnalyticsEngine.swift */; };
		A4B5C6D7E8F93A4B5C6D7E8F /* ExportService.swift in Sources */ = {isa = PBXBuildFile; fileRef = B5C6D7E8F9A04B5C6D7E8F90 /* ExportService.swift */; };
		C6D7E8F9A0B15C6D7E8F901 /* StudyHeatmapView.swift in Sources */ = {isa = PBXBuildFile; fileRef = D7E8F9A0B1C26D7E8F90112 /* StudyHeatmapView.swift */; };
		I9F0A1B2C3D48F90122335 /* HeatmapDayTooltip.swift in Sources */ = {isa = PBXBuildFile; fileRef = H8E9F0A1B2C36E8F9011224 /* HeatmapDayTooltip.swift */; };
		E8F9A0B1C2D37E8F9011223 /* NotesBrowserView.swift in Sources */ = {isa = PBXBuildFile; fileRef = F9A0B1C2D3E48F90122334 /* NotesBrowserView.swift */; };
		A0B1C2D3E4F59A012233445 /* AnalyticsDashboardView.swift in Sources */ = {isa = PBXBuildFile; fileRef = B1C2D3E4F5A60B123344556 /* AnalyticsDashboardView.swift */; };
		B3C4D5E6F7A81B234455667 /* StudyDataStore.swift in Sources */ = {isa = PBXBuildFile; fileRef = C4D5E6F7A8B92C345566778 /* StudyDataStore.swift */; };
		B3C4D5E6F7A81C234455668 /* SessionSegment.swift in Sources */ = {isa = PBXBuildFile; fileRef = C4D5E6F7A8B92D345566779 /* SessionSegment.swift */; };
		D5E6F7A8B9C03D456677890 /* TimelineEngine.swift in Sources */ = {isa = PBXBuildFile; fileRef = E6F7A8B9C0D14E567788901 /* TimelineEngine.swift */; };
		B9C0D1E2F3A471890011234 /* TimelineDayRowView.swift in Sources */ = {isa = PBXBuildFile; fileRef = C0D1E2F3A4B582901122345 /* TimelineDayRowView.swift */; };
		D1E2F3A4B5C693012233456 /* TimelineSessionTooltip.swift in Sources */ = {isa = PBXBuildFile; fileRef = E2F3A4B5C6D704123344567 /* TimelineSessionTooltip.swift */; };
		F7A8B9C0D1E25F678899012 /* TimelineView.swift in Sources */ = {isa = PBXBuildFile; fileRef = A8B9C0D1E2F360789900123 /* TimelineView.swift */; };
		G1A2B3C4D5E60718293A4B5C /* ProfileProgress.swift in Sources */ = {isa = PBXBuildFile; fileRef = H2B3C4D5E6F718293A4B5C6D /* ProfileProgress.swift */; };
		I3C4D5E6F7A8293A4B5C6D7E /* SubjectProgress.swift in Sources */ = {isa = PBXBuildFile; fileRef = J4D5E6F7A8B93A4B5C6D7E8F /* SubjectProgress.swift */; };
		K5E6F7A8B9C04B5C6D7E8F90 /* AchievementUnlock.swift in Sources */ = {isa = PBXBuildFile; fileRef = L6F7A8B9C0D15C6D7E8F901 /* AchievementUnlock.swift */; };
		M7A8B9C0D1E26D7E8F90112 /* GamificationEngine.swift in Sources */ = {isa = PBXBuildFile; fileRef = N8B9C0D1E2F37E8F9011223 /* GamificationEngine.swift */; };
		O9C0D1E2F3A48F90122334 /* AchievementCatalog.swift in Sources */ = {isa = PBXBuildFile; fileRef = P0D1E2F3A4B59A012233445 /* AchievementCatalog.swift */; };
		Q1E2F3A4B5C60B123344556 /* GamificationUnlockCenter.swift in Sources */ = {isa = PBXBuildFile; fileRef = R2F3A4B5C6D71C234455667 /* GamificationUnlockCenter.swift */; };
		S3A4B5C6D7E82D345566778 /* ProfileDashboardView.swift in Sources */ = {isa = PBXBuildFile; fileRef = T4B5C6D7E8F93E456677889 /* ProfileDashboardView.swift */; };
		U5C6D7E8F9A04F567788901 /* AchievementsView.swift in Sources */ = {isa = PBXBuildFile; fileRef = V6D7E8F9A0B15A678899012 /* AchievementsView.swift */; };
		W7E8F9A0B1C26B789900123 /* GalaxyView.swift in Sources */ = {isa = PBXBuildFile; fileRef = X8F9A0B1C2D37C890011234 /* GalaxyView.swift */; };
		Y9A0B1C2D3E48D901122345 /* PlanetView.swift in Sources */ = {isa = PBXBuildFile; fileRef = Z0B1C2D3E4F59E012233456 /* PlanetView.swift */; };
		A2C3D4E5F6A70F123344567 /* AchievementUnlockBanner.swift in Sources */ = {isa = PBXBuildFile; fileRef = B3D4E5F6A7B81A234455678 /* AchievementUnlockBanner.swift */; };
		C4E5F6A7B8C92B345566789 /* MonthlyReportView.swift in Sources */ = {isa = PBXBuildFile; fileRef = D5F6A7B8C9D03C456677890 /* MonthlyReportView.swift */; };
		E6A7B8C9D0E14D567788901 /* ChartHoverCard.swift in Sources */ = {isa = PBXBuildFile; fileRef = F7B8C9D0E1F25E678899012 /* ChartHoverCard.swift */; };
/* End PBXBuildFile section */

/* Begin PBXFileReference section */
		03157F4BDACE4E90A725C519 /* StudyBar.app */ = {isa = PBXFileReference; explicitFileType = wrapper.application; includeInIndex = 0; path = StudyBar.app; sourceTree = BUILT_PRODUCTS_DIR; };
		DEE546FB298B440A8E22DEA7 /* StudyBarApp.swift */ = {isa = PBXFileReference; lastKnownFileType = sourcecode.swift; path = StudyBarApp.swift; sourceTree = "<group>"; };
		97B6BE57188949C3B6A905E5 /* Info.plist */ = {isa = PBXFileReference; lastKnownFileType = text.plist.xml; path = Info.plist; sourceTree = "<group>"; };
		24CD56D9D3F74F32A282FECC /* StudyBar.entitlements */ = {isa = PBXFileReference; lastKnownFileType = text.plist.entitlements; path = StudyBar.entitlements; sourceTree = "<group>"; };
		1BD337EB04F240C288C545F8 /* Assets.xcassets */ = {isa = PBXFileReference; lastKnownFileType = folder.assetcatalog; path = Assets.xcassets; sourceTree = "<group>"; };
		A262244491B34E9D839FA6DC /* Subject.swift */ = {isa = PBXFileReference; lastKnownFileType = sourcecode.swift; path = Subject.swift; sourceTree = "<group>"; };
		1DB162A3B8B14954BEBF0291 /* Topic.swift */ = {isa = PBXFileReference; lastKnownFileType = sourcecode.swift; path = Topic.swift; sourceTree = "<group>"; };
		DC7A80CDCAD34F5F82EFC560 /* StudySession.swift */ = {isa = PBXFileReference; lastKnownFileType = sourcecode.swift; path = StudySession.swift; sourceTree = "<group>"; };
		E954DA5CD5334F7D8CF46B1A /* PopoverRootView.swift */ = {isa = PBXFileReference; lastKnownFileType = sourcecode.swift; path = PopoverRootView.swift; sourceTree = "<group>"; };
		8F303CC0BA7A4AA9B69E7A68 /* IdleView.swift */ = {isa = PBXFileReference; lastKnownFileType = sourcecode.swift; path = IdleView.swift; sourceTree = "<group>"; };
		12A36FBB441541F5BFB6D254 /* NotificationManager.swift */ = {isa = PBXFileReference; lastKnownFileType = sourcecode.swift; path = NotificationManager.swift; sourceTree = "<group>"; };
		64D96943278C495F8032A4A7 /* SessionManager.swift */ = {isa = PBXFileReference; lastKnownFileType = sourcecode.swift; path = SessionManager.swift; sourceTree = "<group>"; };
		F446E51634244D7E81400D54 /* ProgressRingView.swift */ = {isa = PBXFileReference; lastKnownFileType = sourcecode.swift; path = ProgressRingView.swift; sourceTree = "<group>"; };
		6DB20C4DCBCF49B99AE95D7C /* MenuBarLabelView.swift */ = {isa = PBXFileReference; lastKnownFileType = sourcecode.swift; path = MenuBarLabelView.swift; sourceTree = "<group>"; };
		00430BC44574480DA107E5E3 /* ActiveSessionView.swift */ = {isa = PBXFileReference; lastKnownFileType = sourcecode.swift; path = ActiveSessionView.swift; sourceTree = "<group>"; };
		DC97F8212C5644B0BE6649D7 /* HistoryView.swift */ = {isa = PBXFileReference; lastKnownFileType = sourcecode.swift; path = HistoryView.swift; sourceTree = "<group>"; };
		8B20165D43F24484B2D8E793 /* SettingsView.swift */ = {isa = PBXFileReference; lastKnownFileType = sourcecode.swift; path = SettingsView.swift; sourceTree = "<group>"; };
		2B4010F6454D4FC3AE9D59D9 /* ManageSubjectsView.swift */ = {isa = PBXFileReference; lastKnownFileType = sourcecode.swift; path = ManageSubjectsView.swift; sourceTree = "<group>"; };
		BC5C48A032C1428189D9C55E /* StudyFormatting.swift */ = {isa = PBXFileReference; lastKnownFileType = sourcecode.swift; path = StudyFormatting.swift; sourceTree = "<group>"; };
		165117894DA8404A82C1CEDA /* AppLogoView.swift */ = {isa = PBXFileReference; lastKnownFileType = sourcecode.swift; path = AppLogoView.swift; sourceTree = "<group>"; };
		C46C570557824E9A84AC03C0 /* StatPill.swift */ = {isa = PBXFileReference; lastKnownFileType = sourcecode.swift; path = StatPill.swift; sourceTree = "<group>"; };
		14939437AB1945BC8FDDC44F /* UpdateChecker.swift */ = {isa = PBXFileReference; lastKnownFileType = sourcecode.swift; path = UpdateChecker.swift; sourceTree = "<group>"; };
		E5F6A7B8C9D06123E4F5A6B7 /* GlobalHotkeyManager.swift */ = {isa = PBXFileReference; lastKnownFileType = sourcecode.swift; path = GlobalHotkeyManager.swift; sourceTree = "<group>"; };
		F6A7B8C9D0E17234F5A6B7C8 /* FloatingTimerController.swift */ = {isa = PBXFileReference; lastKnownFileType = sourcecode.swift; path = FloatingTimerController.swift; sourceTree = "<group>"; };
		A7B8C9D0E1F28345A6B7C8D9 /* PowerEventsMonitor.swift */ = {isa = PBXFileReference; lastKnownFileType = sourcecode.swift; path = PowerEventsMonitor.swift; sourceTree = "<group>"; };
		B8C9D0E1F2A39456B7C8D9E0 /* FloatingTimerView.swift */ = {isa = PBXFileReference; lastKnownFileType = sourcecode.swift; path = FloatingTimerView.swift; sourceTree = "<group>"; };
		F7A8B9C0D1E27384B6C7D8E9 /* AppNotifications.swift */ = {isa = PBXFileReference; lastKnownFileType = sourcecode.swift; path = AppNotifications.swift; sourceTree = "<group>"; };
		B9C0D1E2F3A49506D8E9F0A1 /* UpdateInstaller.swift */ = {isa = PBXFileReference; lastKnownFileType = sourcecode.swift; path = UpdateInstaller.swift; sourceTree = "<group>"; };
		D2E3F4A5B6C718293A4B5C6D /* AppDelegate.swift */ = {isa = PBXFileReference; lastKnownFileType = sourcecode.swift; path = AppDelegate.swift; sourceTree = "<group>"; };
		F4A5B6C7D8E93A4B5C6D7E8F /* DashboardWindowController.swift */ = {isa = PBXFileReference; lastKnownFileType = sourcecode.swift; path = DashboardWindowController.swift; sourceTree = "<group>"; };
		B6C7D8E9F0A14B5C6D7E8F90 /* DashboardView.swift */ = {isa = PBXFileReference; lastKnownFileType = sourcecode.swift; path = DashboardView.swift; sourceTree = "<group>"; };
		D8E9F0A1B2C36D7E8F90112 /* DashboardOverviewView.swift */ = {isa = PBXFileReference; lastKnownFileType = sourcecode.swift; path = DashboardOverviewView.swift; sourceTree = "<group>"; };
		F0A1B2C3D4E58F90122334 /* DashboardHistoryView.swift */ = {isa = PBXFileReference; lastKnownFileType = sourcecode.swift; path = DashboardHistoryView.swift; sourceTree = "<group>"; };
		B2C3D4E5F6A70B123344556 /* DashboardSettingsView.swift */ = {isa = PBXFileReference; lastKnownFileType = sourcecode.swift; path = DashboardSettingsView.swift; sourceTree = "<group>"; };
		D1E2F3A4B5C61728394A5B6C /* Charts.framework */ = {isa = PBXFileReference; lastKnownFileType = wrapper.framework; name = Charts.framework; path = System/Library/Frameworks/Charts.framework; sourceTree = SDKROOT; };
		F3A4B5C6D7E8293A4B5C6D7E /* AnalyticsEngine.swift */ = {isa = PBXFileReference; lastKnownFileType = sourcecode.swift; path = AnalyticsEngine.swift; sourceTree = "<group>"; };
		B5C6D7E8F9A04B5C6D7E8F90 /* ExportService.swift */ = {isa = PBXFileReference; lastKnownFileType = sourcecode.swift; path = ExportService.swift; sourceTree = "<group>"; };
		D7E8F9A0B1C26D7E8F90112 /* StudyHeatmapView.swift */ = {isa = PBXFileReference; lastKnownFileType = sourcecode.swift; path = StudyHeatmapView.swift; sourceTree = "<group>"; };
		H8E9F0A1B2C36E8F9011224 /* HeatmapDayTooltip.swift */ = {isa = PBXFileReference; lastKnownFileType = sourcecode.swift; path = HeatmapDayTooltip.swift; sourceTree = "<group>"; };
		F9A0B1C2D3E48F90122334 /* NotesBrowserView.swift */ = {isa = PBXFileReference; lastKnownFileType = sourcecode.swift; path = NotesBrowserView.swift; sourceTree = "<group>"; };
		B1C2D3E4F5A60B123344556 /* AnalyticsDashboardView.swift */ = {isa = PBXFileReference; lastKnownFileType = sourcecode.swift; path = AnalyticsDashboardView.swift; sourceTree = "<group>"; };
		C4D5E6F7A8B92C345566778 /* StudyDataStore.swift */ = {isa = PBXFileReference; lastKnownFileType = sourcecode.swift; path = StudyDataStore.swift; sourceTree = "<group>"; };
		C4D5E6F7A8B92D345566779 /* SessionSegment.swift */ = {isa = PBXFileReference; lastKnownFileType = sourcecode.swift; path = SessionSegment.swift; sourceTree = "<group>"; };
		E6F7A8B9C0D14E567788901 /* TimelineEngine.swift */ = {isa = PBXFileReference; lastKnownFileType = sourcecode.swift; path = TimelineEngine.swift; sourceTree = "<group>"; };
		C0D1E2F3A4B582901122345 /* TimelineDayRowView.swift */ = {isa = PBXFileReference; lastKnownFileType = sourcecode.swift; path = TimelineDayRowView.swift; sourceTree = "<group>"; };
		E2F3A4B5C6D704123344567 /* TimelineSessionTooltip.swift */ = {isa = PBXFileReference; lastKnownFileType = sourcecode.swift; path = TimelineSessionTooltip.swift; sourceTree = "<group>"; };
		A8B9C0D1E2F360789900123 /* TimelineView.swift */ = {isa = PBXFileReference; lastKnownFileType = sourcecode.swift; path = TimelineView.swift; sourceTree = "<group>"; };
		H2B3C4D5E6F718293A4B5C6D /* ProfileProgress.swift */ = {isa = PBXFileReference; lastKnownFileType = sourcecode.swift; path = ProfileProgress.swift; sourceTree = "<group>"; };
		J4D5E6F7A8B93A4B5C6D7E8F /* SubjectProgress.swift */ = {isa = PBXFileReference; lastKnownFileType = sourcecode.swift; path = SubjectProgress.swift; sourceTree = "<group>"; };
		L6F7A8B9C0D15C6D7E8F901 /* AchievementUnlock.swift */ = {isa = PBXFileReference; lastKnownFileType = sourcecode.swift; path = AchievementUnlock.swift; sourceTree = "<group>"; };
		N8B9C0D1E2F37E8F9011223 /* GamificationEngine.swift */ = {isa = PBXFileReference; lastKnownFileType = sourcecode.swift; path = GamificationEngine.swift; sourceTree = "<group>"; };
		P0D1E2F3A4B59A012233445 /* AchievementCatalog.swift */ = {isa = PBXFileReference; lastKnownFileType = sourcecode.swift; path = AchievementCatalog.swift; sourceTree = "<group>"; };
		R2F3A4B5C6D71C234455667 /* GamificationUnlockCenter.swift */ = {isa = PBXFileReference; lastKnownFileType = sourcecode.swift; path = GamificationUnlockCenter.swift; sourceTree = "<group>"; };
		T4B5C6D7E8F93E456677889 /* ProfileDashboardView.swift */ = {isa = PBXFileReference; lastKnownFileType = sourcecode.swift; path = ProfileDashboardView.swift; sourceTree = "<group>"; };
		V6D7E8F9A0B15A678899012 /* AchievementsView.swift */ = {isa = PBXFileReference; lastKnownFileType = sourcecode.swift; path = AchievementsView.swift; sourceTree = "<group>"; };
		X8F9A0B1C2D37C890011234 /* GalaxyView.swift */ = {isa = PBXFileReference; lastKnownFileType = sourcecode.swift; path = GalaxyView.swift; sourceTree = "<group>"; };
		Z0B1C2D3E4F59E012233456 /* PlanetView.swift */ = {isa = PBXFileReference; lastKnownFileType = sourcecode.swift; path = PlanetView.swift; sourceTree = "<group>"; };
		B3D4E5F6A7B81A234455678 /* AchievementUnlockBanner.swift */ = {isa = PBXFileReference; lastKnownFileType = sourcecode.swift; path = AchievementUnlockBanner.swift; sourceTree = "<group>"; };
		D5F6A7B8C9D03C456677890 /* MonthlyReportView.swift */ = {isa = PBXFileReference; lastKnownFileType = sourcecode.swift; path = MonthlyReportView.swift; sourceTree = "<group>"; };
		F7B8C9D0E1F25E678899012 /* ChartHoverCard.swift */ = {isa = PBXFileReference; lastKnownFileType = sourcecode.swift; path = ChartHoverCard.swift; sourceTree = "<group>"; };
/* End PBXFileReference section */

/* Begin PBXFrameworksBuildPhase section */
		E76F59D4A421477E8490F6AA /* Frameworks */ = {
			isa = PBXFrameworksBuildPhase;
			buildActionMask = 2147483647;
			files = (
				C0D1E2F3A4B5061728394A5B /* Charts.framework in Frameworks */,
			);
			runOnlyForDeploymentPostprocessing = 0;
		};
/* End PBXFrameworksBuildPhase section */

/* Begin PBXGroup section */
		8A50939C493D475F8CF24928 = {
			isa = PBXGroup;
			children = (
				B3809ABC5DAF4092BBB25373 /* StudyBar */,
				DD584372B2644787A75C1C03 /* Products */,
			);
			sourceTree = "<group>";
		};
		B3809ABC5DAF4092BBB25373 /* StudyBar */ = {
			isa = PBXGroup;
			children = (
				DEE546FB298B440A8E22DEA7 /* StudyBarApp.swift */,
				19B35C3CCC6E4ECB9749D88A /* Models */,
				B9AED3021112475196B0DC4A /* Core */,
				6B76C25F8F474FDE82738C17 /* Views */,
				1BD337EB04F240C288C545F8 /* Assets.xcassets */,
				24CD56D9D3F74F32A282FECC /* StudyBar.entitlements */,
				97B6BE57188949C3B6A905E5 /* Info.plist */,
			);
			path = StudyBar;
			sourceTree = "<group>";
		};
		DD584372B2644787A75C1C03 /* Products */ = {
			isa = PBXGroup;
			children = (
				03157F4BDACE4E90A725C519 /* StudyBar.app */,
			);
			name = Products;
			sourceTree = "<group>";
		};
		19B35C3CCC6E4ECB9749D88A /* Models */ = {
			isa = PBXGroup;
			children = (
				A262244491B34E9D839FA6DC /* Subject.swift */,
				1DB162A3B8B14954BEBF0291 /* Topic.swift */,
				DC7A80CDCAD34F5F82EFC560 /* StudySession.swift */,
				C4D5E6F7A8B92D345566779 /* SessionSegment.swift */,
				H2B3C4D5E6F718293A4B5C6D /* ProfileProgress.swift */,
				J4D5E6F7A8B93A4B5C6D7E8F /* SubjectProgress.swift */,
				L6F7A8B9C0D15C6D7E8F901 /* AchievementUnlock.swift */,
			);
			path = Models;
			sourceTree = "<group>";
		};
		B9AED3021112475196B0DC4A /* Core */ = {
			isa = PBXGroup;
			children = (
				12A36FBB441541F5BFB6D254 /* NotificationManager.swift */,
				64D96943278C495F8032A4A7 /* SessionManager.swift */,
				BC5C48A032C1428189D9C55E /* StudyFormatting.swift */,
				14939437AB1945BC8FDDC44F /* UpdateChecker.swift */,
				E5F6A7B8C9D06123E4F5A6B7 /* GlobalHotkeyManager.swift */,
				F6A7B8C9D0E17234F5A6B7C8 /* FloatingTimerController.swift */,
				A7B8C9D0E1F28345A6B7C8D9 /* PowerEventsMonitor.swift */,
				F7A8B9C0D1E27384B6C7D8E9 /* AppNotifications.swift */,
				B9C0D1E2F3A49506D8E9F0A1 /* UpdateInstaller.swift */,
				D2E3F4A5B6C718293A4B5C6D /* AppDelegate.swift */,
				F4A5B6C7D8E93A4B5C6D7E8F /* DashboardWindowController.swift */,
				F3A4B5C6D7E8293A4B5C6D7E /* AnalyticsEngine.swift */,
				B5C6D7E8F9A04B5C6D7E8F90 /* ExportService.swift */,
				C4D5E6F7A8B92C345566778 /* StudyDataStore.swift */,
				E6F7A8B9C0D14E567788901 /* TimelineEngine.swift */,
				N8B9C0D1E2F37E8F9011223 /* GamificationEngine.swift */,
				P0D1E2F3A4B59A012233445 /* AchievementCatalog.swift */,
				R2F3A4B5C6D71C234455667 /* GamificationUnlockCenter.swift */,
			);
			path = Core;
			sourceTree = "<group>";
		};
		6B76C25F8F474FDE82738C17 /* Views */ = {
			isa = PBXGroup;
			children = (
				E954DA5CD5334F7D8CF46B1A /* PopoverRootView.swift */,
				8F303CC0BA7A4AA9B69E7A68 /* IdleView.swift */,
				F446E51634244D7E81400D54 /* ProgressRingView.swift */,
				6DB20C4DCBCF49B99AE95D7C /* MenuBarLabelView.swift */,
				00430BC44574480DA107E5E3 /* ActiveSessionView.swift */,
				DC97F8212C5644B0BE6649D7 /* HistoryView.swift */,
				8B20165D43F24484B2D8E793 /* SettingsView.swift */,
				2B4010F6454D4FC3AE9D59D9 /* ManageSubjectsView.swift */,
				165117894DA8404A82C1CEDA /* AppLogoView.swift */,
				C46C570557824E9A84AC03C0 /* StatPill.swift */,
				B8C9D0E1F2A39456B7C8D9E0 /* FloatingTimerView.swift */,
				C3D4E5F6A7B84901B2C3D4E5 /* Dashboard */,
			);
			path = Views;
			sourceTree = "<group>";
		};
		C3D4E5F6A7B84901B2C3D4E5 /* Dashboard */ = {
			isa = PBXGroup;
			children = (
				B6C7D8E9F0A14B5C6D7E8F90 /* DashboardView.swift */,
				D8E9F0A1B2C36D7E8F90112 /* DashboardOverviewView.swift */,
				F0A1B2C3D4E58F90122334 /* DashboardHistoryView.swift */,
				B2C3D4E5F6A70B123344556 /* DashboardSettingsView.swift */,
				B1C2D3E4F5A60B123344556 /* AnalyticsDashboardView.swift */,
				D7E8F9A0B1C26D7E8F90112 /* StudyHeatmapView.swift */,
				H8E9F0A1B2C36E8F9011224 /* HeatmapDayTooltip.swift */,
				F9A0B1C2D3E48F90122334 /* NotesBrowserView.swift */,
				C0D1E2F3A4B582901122345 /* TimelineDayRowView.swift */,
				E2F3A4B5C6D704123344567 /* TimelineSessionTooltip.swift */,
				A8B9C0D1E2F360789900123 /* TimelineView.swift */,
				T4B5C6D7E8F93E456677889 /* ProfileDashboardView.swift */,
				V6D7E8F9A0B15A678899012 /* AchievementsView.swift */,
				X8F9A0B1C2D37C890011234 /* GalaxyView.swift */,
				Z0B1C2D3E4F59E012233456 /* PlanetView.swift */,
				B3D4E5F6A7B81A234455678 /* AchievementUnlockBanner.swift */,
				D5F6A7B8C9D03C456677890 /* MonthlyReportView.swift */,
				F7B8C9D0E1F25E678899012 /* ChartHoverCard.swift */,
			);
			path = Dashboard;
			sourceTree = "<group>";
		};
/* End PBXGroup section */

/* Begin PBXNativeTarget section */
		2BE0767DC02A4264AB1B2035 /* StudyBar */ = {
			isa = PBXNativeTarget;
			buildConfigurationList = 68525FCE1EDC4AB188166F84 /* Build configuration list for PBXNativeTarget "StudyBar" */;
			buildPhases = (
				B0C4D42964794AB798668496 /* Sources */,
				E76F59D4A421477E8490F6AA /* Frameworks */,
				3725D648C41043458F9E27F7 /* Resources */,
			);
			buildRules = (
			);
			dependencies = (
			);
			name = StudyBar;
			productName = StudyBar;
			productReference = 03157F4BDACE4E90A725C519 /* StudyBar.app */;
			productType = "com.apple.product-type.application";
		};
/* End PBXNativeTarget section */

/* Begin PBXProject section */
		23E377FCAB2D46F8AF3C2911 /* Project object */ = {
			isa = PBXProject;
			attributes = {
				BuildIndependentTargetsInParallel = 1;
				LastSwiftUpdateCheck = 1600;
				LastUpgradeCheck = 1600;
				TargetAttributes = {
					2BE0767DC02A4264AB1B2035 = {
						CreatedOnToolsVersion = 16.0;
					};
				};
			};
			buildConfigurationList = EC32BBB0233D42FE8D163C57 /* Build configuration list for PBXProject "StudyBar" */;
			compatibilityVersion = "Xcode 14.0";
			developmentRegion = en;
			hasScannedForEncodings = 0;
			knownRegions = (
				en,
				Base,
			);
			mainGroup = 8A50939C493D475F8CF24928;
			productRefGroup = DD584372B2644787A75C1C03 /* Products */;
			projectDirPath = "";
			projectRoot = "";
			targets = (
				2BE0767DC02A4264AB1B2035 /* StudyBar */,
			);
		};
/* End PBXProject section */

/* Begin PBXResourcesBuildPhase section */
		3725D648C41043458F9E27F7 /* Resources */ = {
			isa = PBXResourcesBuildPhase;
			buildActionMask = 2147483647;
			files = (
				10D11BB161074123BA48E0AA /* Assets.xcassets in Resources */,
			);
			runOnlyForDeploymentPostprocessing = 0;
		};
/* End PBXResourcesBuildPhase section */

/* Begin PBXSourcesBuildPhase section */
		B0C4D42964794AB798668496 /* Sources */ = {
			isa = PBXSourcesBuildPhase;
			buildActionMask = 2147483647;
			files = (
				DAEE7EA4B27642868923EEEF /* StudyBarApp.swift in Sources */,
				D5D6CF40716645F790C9D1A4 /* Subject.swift in Sources */,
				127D1F5F77E048F4BD5F959A /* Topic.swift in Sources */,
				C940B4E0FA994B33B5ECEE30 /* StudySession.swift in Sources */,
				E94199EE54554C948ADE25D1 /* PopoverRootView.swift in Sources */,
				A7C43A61B0AE4E27874BA0AC /* IdleView.swift in Sources */,
				EF5964E3176A4D9A8DA335F6 /* NotificationManager.swift in Sources */,
				332A57FE318948289EA62095 /* SessionManager.swift in Sources */,
				FCC773A1C2CE4201B0A9A441 /* ProgressRingView.swift in Sources */,
				C130C868C41F49C892D05208 /* MenuBarLabelView.swift in Sources */,
				E0D6D2E96D7241738BE048B0 /* ActiveSessionView.swift in Sources */,
				AB9AA1F901E74657920A9148 /* HistoryView.swift in Sources */,
				63E936E982BB478280AA12B8 /* SettingsView.swift in Sources */,
				55BD5E37CE544ED7BF48F090 /* ManageSubjectsView.swift in Sources */,
				781C9C80891D4412BF463F3C /* StudyFormatting.swift in Sources */,
				A6C67C8CDACB474B912D3BF5 /* AppLogoView.swift in Sources */,
				7AE03D39C7A8465397933082 /* StatPill.swift in Sources */,
				257E28C2F10749C6B832526E /* UpdateChecker.swift in Sources */,
				A1B2C3D4E5F64789A0B1C2D3 /* GlobalHotkeyManager.swift in Sources */,
				B2C3D4E5F6A74890B1C2D3E4 /* FloatingTimerController.swift in Sources */,
				C3D4E5F6A7B84901C2D3E4F5 /* PowerEventsMonitor.swift in Sources */,
				D4E5F6A7B8C95012D3E4F5A6 /* FloatingTimerView.swift in Sources */,
				E6F7A8B9C0D16273A5B6C7D8 /* AppNotifications.swift in Sources */,
				A8B9C0D1E2F38495C7D8E9F0 /* UpdateInstaller.swift in Sources */,
				C1D2E3F4A5B60718293A4B5C /* AppDelegate.swift in Sources */,
				E3F4A5B6C7D8293A4B5C6D7E /* DashboardWindowController.swift in Sources */,
				A5B6C7D8E9F03A4B5C6D7E8F /* DashboardView.swift in Sources */,
				C7D8E9F0A1B25C6D7E8F901 /* DashboardOverviewView.swift in Sources */,
				E9F0A1B2C3D47E8F9011223 /* DashboardHistoryView.swift in Sources */,
				A1B2C3D4E5F69A012233445 /* DashboardSettingsView.swift in Sources */,
				E2F3A4B5C6D718293A4B5C6D /* AnalyticsEngine.swift in Sources */,
				A4B5C6D7E8F93A4B5C6D7E8F /* ExportService.swift in Sources */,
				C6D7E8F9A0B15C6D7E8F901 /* StudyHeatmapView.swift in Sources */,
				I9F0A1B2C3D48F90122335 /* HeatmapDayTooltip.swift in Sources */,
				E8F9A0B1C2D37E8F9011223 /* NotesBrowserView.swift in Sources */,
				A0B1C2D3E4F59A012233445 /* AnalyticsDashboardView.swift in Sources */,
				B3C4D5E6F7A81B234455667 /* StudyDataStore.swift in Sources */,
				B3C4D5E6F7A81C234455668 /* SessionSegment.swift in Sources */,
				D5E6F7A8B9C03D456677890 /* TimelineEngine.swift in Sources */,
				B9C0D1E2F3A471890011234 /* TimelineDayRowView.swift in Sources */,
				D1E2F3A4B5C693012233456 /* TimelineSessionTooltip.swift in Sources */,
				F7A8B9C0D1E25F678899012 /* TimelineView.swift in Sources */,
				G1A2B3C4D5E60718293A4B5C /* ProfileProgress.swift in Sources */,
				I3C4D5E6F7A8293A4B5C6D7E /* SubjectProgress.swift in Sources */,
				K5E6F7A8B9C04B5C6D7E8F90 /* AchievementUnlock.swift in Sources */,
				M7A8B9C0D1E26D7E8F90112 /* GamificationEngine.swift in Sources */,
				O9C0D1E2F3A48F90122334 /* AchievementCatalog.swift in Sources */,
				Q1E2F3A4B5C60B123344556 /* GamificationUnlockCenter.swift in Sources */,
				S3A4B5C6D7E82D345566778 /* ProfileDashboardView.swift in Sources */,
				U5C6D7E8F9A04F567788901 /* AchievementsView.swift in Sources */,
				W7E8F9A0B1C26B789900123 /* GalaxyView.swift in Sources */,
				Y9A0B1C2D3E48D901122345 /* PlanetView.swift in Sources */,
				A2C3D4E5F6A70F123344567 /* AchievementUnlockBanner.swift in Sources */,
				C4E5F6A7B8C92B345566789 /* MonthlyReportView.swift in Sources */,
				E6A7B8C9D0E14D567788901 /* ChartHoverCard.swift in Sources */,
			);
			runOnlyForDeploymentPostprocessing = 0;
		};
/* End PBXSourcesBuildPhase section */

/* Begin XCBuildConfiguration section */
		51DA4FB5D0034DA88FC60C76 /* Debug */ = {
			isa = XCBuildConfiguration;
			buildSettings = {
				ALWAYS_SEARCH_USER_PATHS = NO;
				CLANG_ANALYZER_NONNULL = YES;
				CLANG_ANALYZER_NUMBER_OBJECT_CONVERSION = YES_AGGRESSIVE;
				CLANG_CXX_LANGUAGE_STANDARD = "gnu++20";
				CLANG_ENABLE_MODULES = YES;
				CLANG_ENABLE_OBJC_ARC = YES;
				CLANG_ENABLE_OBJC_WEAK = YES;
				CLANG_WARN_BLOCK_CAPTURE_AUTORELEASING = YES;
				CLANG_WARN_BOOL_CONVERSION = YES;
				CLANG_WARN_COMMA = YES;
				CLANG_WARN_CONSTANT_CONVERSION = YES;
				CLANG_WARN_DEPRECATED_OBJC_IMPLEMENTATIONS = YES;
				CLANG_WARN_DIRECT_OBJC_ISA_USAGE = YES_ERROR;
				CLANG_WARN_DOCUMENTATION_COMMENTS = YES;
				CLANG_WARN_EMPTY_BODY = YES;
				CLANG_WARN_ENUM_CONVERSION = YES;
				CLANG_WARN_INFINITE_RECURSION = YES;
				CLANG_WARN_INT_CONVERSION = YES;
				CLANG_WARN_NON_LITERAL_NULL_CONVERSION = YES;
				CLANG_WARN_OBJC_IMPLICIT_RETAIN_SELF = YES;
				CLANG_WARN_OBJC_LITERAL_CONVERSION = YES;
				CLANG_WARN_OBJC_ROOT_CLASS = YES_ERROR;
				CLANG_WARN_QUOTED_INCLUDE_IN_FRAMEWORK_HEADER = YES;
				CLANG_WARN_RANGE_LOOP_ANALYSIS = YES;
				CLANG_WARN_STRICT_PROTOTYPES = YES;
				CLANG_WARN_SUSPICIOUS_MOVE = YES;
				CLANG_WARN_UNGUARDED_AVAILABILITY = YES_AGGRESSIVE;
				CLANG_WARN_UNREACHABLE_CODE = YES;
				CLANG_WARN__DUPLICATE_METHOD_MATCH = YES;
				COPY_PHASE_STRIP = NO;
				DEBUG_INFORMATION_FORMAT = dwarf;
				ENABLE_STRICT_OBJC_MSGSEND = YES;
				ENABLE_TESTABILITY = YES;
				GCC_C_LANGUAGE_STANDARD = gnu17;
				GCC_DYNAMIC_NO_PIC = NO;
				GCC_NO_COMMON_BLOCKS = YES;
				GCC_OPTIMIZATION_LEVEL = 0;
				GCC_PREPROCESSOR_DEFINITIONS = (
					"DEBUG=1",
					"$(inherited)",
				);
				GCC_WARN_64_TO_32_BIT_CONVERSION = YES;
				GCC_WARN_ABOUT_RETURN_TYPE = YES_ERROR;
				GCC_WARN_UNDECLARED_SELECTOR = YES;
				GCC_WARN_UNINITIALIZED_AUTOS = YES_AGGRESSIVE;
				GCC_WARN_UNUSED_FUNCTION = YES;
				GCC_WARN_UNUSED_VARIABLE = YES;
				MACOSX_DEPLOYMENT_TARGET = 14.0;
				MTL_ENABLE_DEBUG_INFO = INCLUDE_SOURCE;
				MTL_FAST_MATH = YES;
				ONLY_ACTIVE_ARCH = YES;
				SDKROOT = macosx;
				SWIFT_ACTIVE_COMPILATION_CONDITIONS = DEBUG;
				SWIFT_OPTIMIZATION_LEVEL = "-Onone";
			};
			name = Debug;
		};
		67381E3C811E46F088806B7A /* Release */ = {
			isa = XCBuildConfiguration;
			buildSettings = {
				ALWAYS_SEARCH_USER_PATHS = NO;
				CLANG_ANALYZER_NONNULL = YES;
				CLANG_ANALYZER_NUMBER_OBJECT_CONVERSION = YES_AGGRESSIVE;
				CLANG_CXX_LANGUAGE_STANDARD = "gnu++20";
				CLANG_ENABLE_MODULES = YES;
				CLANG_ENABLE_OBJC_ARC = YES;
				CLANG_ENABLE_OBJC_WEAK = YES;
				CLANG_WARN_BLOCK_CAPTURE_AUTORELEASING = YES;
				CLANG_WARN_BOOL_CONVERSION = YES;
				CLANG_WARN_COMMA = YES;
				CLANG_WARN_CONSTANT_CONVERSION = YES;
				CLANG_WARN_DEPRECATED_OBJC_IMPLEMENTATIONS = YES;
				CLANG_WARN_DIRECT_OBJC_ISA_USAGE = YES_ERROR;
				CLANG_WARN_DOCUMENTATION_COMMENTS = YES;
				CLANG_WARN_EMPTY_BODY = YES;
				CLANG_WARN_ENUM_CONVERSION = YES;
				CLANG_WARN_INFINITE_RECURSION = YES;
				CLANG_WARN_INT_CONVERSION = YES;
				CLANG_WARN_NON_LITERAL_NULL_CONVERSION = YES;
				CLANG_WARN_OBJC_IMPLICIT_RETAIN_SELF = YES;
				CLANG_WARN_OBJC_LITERAL_CONVERSION = YES;
				CLANG_WARN_OBJC_ROOT_CLASS = YES_ERROR;
				CLANG_WARN_QUOTED_INCLUDE_IN_FRAMEWORK_HEADER = YES;
				CLANG_WARN_RANGE_LOOP_ANALYSIS = YES;
				CLANG_WARN_STRICT_PROTOTYPES = YES;
				CLANG_WARN_SUSPICIOUS_MOVE = YES;
				CLANG_WARN_UNGUARDED_AVAILABILITY = YES_AGGRESSIVE;
				CLANG_WARN_UNREACHABLE_CODE = YES;
				CLANG_WARN__DUPLICATE_METHOD_MATCH = YES;
				COPY_PHASE_STRIP = NO;
				DEBUG_INFORMATION_FORMAT = "dwarf-with-dsym";
				ENABLE_NS_ASSERTIONS = NO;
				ENABLE_STRICT_OBJC_MSGSEND = YES;
				GCC_C_LANGUAGE_STANDARD = gnu17;
				GCC_NO_COMMON_BLOCKS = YES;
				GCC_WARN_64_TO_32_BIT_CONVERSION = YES;
				GCC_WARN_ABOUT_RETURN_TYPE = YES_ERROR;
				GCC_WARN_UNDECLARED_SELECTOR = YES;
				GCC_WARN_UNINITIALIZED_AUTOS = YES_AGGRESSIVE;
				GCC_WARN_UNUSED_FUNCTION = YES;
				GCC_WARN_UNUSED_VARIABLE = YES;
				MACOSX_DEPLOYMENT_TARGET = 14.0;
				MTL_ENABLE_DEBUG_INFO = NO;
				MTL_FAST_MATH = YES;
				SDKROOT = macosx;
				SWIFT_COMPILATION_MODE = wholemodule;
				SWIFT_OPTIMIZATION_LEVEL = "-O";
			};
			name = Release;
		};
		E4402AB16F6F4632A739AE22 /* Debug */ = {
			isa = XCBuildConfiguration;
			buildSettings = {
				ASSETCATALOG_COMPILER_APPICON_NAME = AppIcon;
				ASSETCATALOG_COMPILER_GENERATE_SWIFT_ASSET_SYMBOL_EXTENSIONS = YES;
				ASSETCATALOG_COMPILER_GLOBAL_ACCENT_COLOR_NAME = AccentColor;
				CODE_SIGN_ENTITLEMENTS = StudyBar/StudyBar.entitlements;
				CODE_SIGN_STYLE = Automatic;
				COMBINE_HIDPI_IMAGES = YES;
				CURRENT_PROJECT_VERSION = 10758;
				ENABLE_HARDENED_RUNTIME = YES;
				ENABLE_PREVIEWS = YES;
				GENERATE_INFOPLIST_FILE = NO;
				INFOPLIST_FILE = StudyBar/Info.plist;
				LD_RUNPATH_SEARCH_PATHS = (
					"$(inherited)",
					"@executable_path/../Frameworks",
				);
				MACOSX_DEPLOYMENT_TARGET = 14.0;
				MARKETING_VERSION = 1.7.58;
				PRODUCT_BUNDLE_IDENTIFIER = com.misbah.studybar;
				PRODUCT_NAME = "$(TARGET_NAME)";
				SWIFT_EMIT_LOC_STRINGS = YES;
				SWIFT_VERSION = 5.0;
			};
			name = Debug;
		};
		BA2E506981884E70A780D9C5 /* Release */ = {
			isa = XCBuildConfiguration;
			buildSettings = {
				ASSETCATALOG_COMPILER_APPICON_NAME = AppIcon;
				ASSETCATALOG_COMPILER_GENERATE_SWIFT_ASSET_SYMBOL_EXTENSIONS = YES;
				ASSETCATALOG_COMPILER_GLOBAL_ACCENT_COLOR_NAME = AccentColor;
				CODE_SIGN_ENTITLEMENTS = StudyBar/StudyBar.entitlements;
				CODE_SIGN_STYLE = Automatic;
				COMBINE_HIDPI_IMAGES = YES;
				CURRENT_PROJECT_VERSION = 10758;
				ENABLE_HARDENED_RUNTIME = YES;
				ENABLE_PREVIEWS = YES;
				GENERATE_INFOPLIST_FILE = NO;
				INFOPLIST_FILE = StudyBar/Info.plist;
				LD_RUNPATH_SEARCH_PATHS = (
					"$(inherited)",
					"@executable_path/../Frameworks",
				);
				MACOSX_DEPLOYMENT_TARGET = 14.0;
				MARKETING_VERSION = 1.7.58;
				PRODUCT_BUNDLE_IDENTIFIER = com.misbah.studybar;
				PRODUCT_NAME = "$(TARGET_NAME)";
				SWIFT_EMIT_LOC_STRINGS = YES;
				SWIFT_VERSION = 5.0;
			};
			name = Release;
		};
/* End XCBuildConfiguration section */

/* Begin XCConfigurationList section */
		EC32BBB0233D42FE8D163C57 /* Build configuration list for PBXProject "StudyBar" */ = {
			isa = XCConfigurationList;
			buildConfigurations = (
				51DA4FB5D0034DA88FC60C76 /* Debug */,
				67381E3C811E46F088806B7A /* Release */,
			);
			defaultConfigurationIsVisible = 0;
			defaultConfigurationName = Release;
		};
		68525FCE1EDC4AB188166F84 /* Build configuration list for PBXNativeTarget "StudyBar" */ = {
			isa = XCConfigurationList;
			buildConfigurations = (
				E4402AB16F6F4632A739AE22 /* Debug */,
				BA2E506981884E70A780D9C5 /* Release */,
			);
			defaultConfigurationIsVisible = 0;
			defaultConfigurationName = Release;
		};
/* End XCConfigurationList section */
	};
	rootObject = 23E377FCAB2D46F8AF3C2911 /* Project object */;
}
